
Microsoft Visual Studio Solution File, Format Version 12.00
# Visual Studio 15
VisualStudioVersion = 15.0.28307.421
MinimumVisualStudioVersion = 10.0.40219.1
Project("{FAE04EC0-301F-11D3-BF4B-00C04F79EFBC}") = "Bai01", "Bai01\Bai01.csproj", "{67AFFE93-B2DE-40B5-B133-415536230AC7}"
EndProject
Project("{FAE04EC0-301F-11D3-BF4B-00C04F79EFBC}") = "Bai02", "Bai02\Bai02.csproj", "{1098B518-368C-4FDF-B774-9D6F80352B28}"
EndProject
Global
	GlobalSection(SolutionConfigurationPlatforms) = preSolution
		Debug|Any CPU = Debug|Any CPU
		Release|Any CPU = Release|Any CPU
	EndGlobalSection
	GlobalSection(ProjectConfigurationPlatforms) = postSolution
		{67AFFE93-B2DE-40B5-B133-415536230AC7}.Debug|Any CPU.ActiveCfg = Debug|Any CPU
		{67AFFE93-B2DE-40B5-B133-415536230AC7}.Debug|Any CPU.Build.0 = Debug|Any CPU
		{67AFFE93-B2DE-40B5-B133-415536230AC7}.Release|Any CPU.ActiveCfg = Release|Any CPU
		{67AFFE93-B2DE-40B5-B133-415536230AC7}.Release|Any CPU.Build.0 = Release|Any CPU
		{1098B518-368C-4FDF-B774-9D6F80352B28}.Debug|Any CPU.ActiveCfg = Debug|Any CPU
		{1098B518-368C-4FDF-B774-9D6F80352B28}.Debug|Any CPU.Build.0 = Debug|Any CPU
		{1098B518-368C-4FDF-B774-9D6F80352B28}.Release|Any CPU.ActiveCfg = Release|Any CPU
		{1098B518-368C-4FDF-B774-9D6F80352B28}.Release|Any CPU.Build.0 = Release|Any CPU
	EndGlobalSection
	GlobalSection(SolutionProperties) = preSolution
		HideSolutionNode = FALSE
	EndGlobalSection
	GlobalSection(ExtensibilityGlobals) = postSolution
		SolutionGuid = {2E2ACAE9-A7D5-4B2C-8F19-537E2C585D0D}
	EndGlobalSection
EndGlobal
