
Microsoft Visual Studio Solution File, Format Version 12.00
# Visual Studio 15
VisualStudioVersion = 15.0.28307.421
MinimumVisualStudioVersion = 10.0.40219.1
Project("{FAE04EC0-301F-11D3-BF4B-00C04F79EFBC}") = "Bai01", "Bai01\Bai01.csproj", "{CAA1349A-6D72-4F9D-915C-EBCA869240A0}"
EndProject
Global
	GlobalSection(SolutionConfigurationPlatforms) = preSolution
		Debug|Any CPU = Debug|Any CPU
		Release|Any CPU = Release|Any CPU
	EndGlobalSection
	GlobalSection(ProjectConfigurationPlatforms) = postSolution
		{CAA1349A-6D72-4F9D-915C-EBCA869240A0}.Debug|Any CPU.ActiveCfg = Debug|Any CPU
		{CAA1349A-6D72-4F9D-915C-EBCA869240A0}.Debug|Any CPU.Build.0 = Debug|Any CPU
		{CAA1349A-6D72-4F9D-915C-EBCA869240A0}.Release|Any CPU.ActiveCfg = Release|Any CPU
		{CAA1349A-6D72-4F9D-915C-EBCA869240A0}.Release|Any CPU.Build.0 = Release|Any CPU
	EndGlobalSection
	GlobalSection(SolutionProperties) = preSolution
		HideSolutionNode = FALSE
	EndGlobalSection
	GlobalSection(ExtensibilityGlobals) = postSolution
		SolutionGuid = {F48A2222-323B-413B-8959-5A9421CA9258}
	EndGlobalSection
EndGlobal
