
Microsoft Visual Studio Solution File, Format Version 12.00
# Visual Studio 15
VisualStudioVersion = 15.0.28307.421
MinimumVisualStudioVersion = 10.0.40219.1
Project("{FAE04EC0-301F-11D3-BF4B-00C04F79EFBC}") = "Bai01", "Bai01\Bai01.csproj", "{496FF6A8-9CF9-493A-A763-75CBB0584201}"
EndProject
Project("{FAE04EC0-301F-11D3-BF4B-00C04F79EFBC}") = "Bai02", "Bai02\Bai02.csproj", "{05E29D1E-B4A6-4A37-8D46-8D2FBE2F8581}"
EndProject
Global
	GlobalSection(SolutionConfigurationPlatforms) = preSolution
		Debug|Any CPU = Debug|Any CPU
		Release|Any CPU = Release|Any CPU
	EndGlobalSection
	GlobalSection(ProjectConfigurationPlatforms) = postSolution
		{496FF6A8-9CF9-493A-A763-75CBB0584201}.Debug|Any CPU.ActiveCfg = Debug|Any CPU
		{496FF6A8-9CF9-493A-A763-75CBB0584201}.Debug|Any CPU.Build.0 = Debug|Any CPU
		{496FF6A8-9CF9-493A-A763-75CBB0584201}.Release|Any CPU.ActiveCfg = Release|Any CPU
		{496FF6A8-9CF9-493A-A763-75CBB0584201}.Release|Any CPU.Build.0 = Release|Any CPU
		{05E29D1E-B4A6-4A37-8D46-8D2FBE2F8581}.Debug|Any CPU.ActiveCfg = Debug|Any CPU
		{05E29D1E-B4A6-4A37-8D46-8D2FBE2F8581}.Debug|Any CPU.Build.0 = Debug|Any CPU
		{05E29D1E-B4A6-4A37-8D46-8D2FBE2F8581}.Release|Any CPU.ActiveCfg = Release|Any CPU
		{05E29D1E-B4A6-4A37-8D46-8D2FBE2F8581}.Release|Any CPU.Build.0 = Release|Any CPU
	EndGlobalSection
	GlobalSection(SolutionProperties) = preSolution
		HideSolutionNode = FALSE
	EndGlobalSection
	GlobalSection(ExtensibilityGlobals) = postSolution
		SolutionGuid = {2B3497CF-BA73-47C7-93D0-8E115230E0DC}
	EndGlobalSection
EndGlobal
